{
  "name": "Wedding Guide",
  "lockfileVersion": 2,
  "requires": true,
  "packages": {
    "": {
      "dependencies": {
        "jquery-plugin": "^0.0.0-ignored"
      }
    },
    "node_modules/jquery-plugin": {
      "version": "0.0.0-ignored",
      "resolved": "https://registry.npmjs.org/jquery-plugin/-/jquery-plugin-0.0.0-ignored.tgz",
      "integrity": "sha512-pOSIgP1MtA76Y++lfeeTzxoreea4TmUcfGXjTTrKMXOgGT6f9pnGF3eMKkDdVzIUuMvGBdPRJOcoyTPYJhimlg==",
      "engines": {
        "node": ">= 0.6.0"
      }
    }
  },
  "dependencies": {
    "jquery-plugin": {
      "version": "0.0.0-ignored",
      "resolved": "https://registry.npmjs.org/jquery-plugin/-/jquery-plugin-0.0.0-ignored.tgz",
      "integrity": "sha512-pOSIgP1MtA76Y++lfeeTzxoreea4TmUcfGXjTTrKMXOgGT6f9pnGF3eMKkDdVzIUuMvGBdPRJOcoyTPYJhimlg=="
    }
  }
}
